// !$*UTF8*$!
{
	archiveVersion = 1;
	classes = {
	};
	objectVersion = 50;
	objects = {

/* Begin PBXBuildFile section */
		1022BE5B2213501500C17895 /* NameAndURL.swift in Sources */ = {isa = PBXBuildFile; fileRef = 1022BE5A2213501500C17895 /* NameAndURL.swift */; };
		105E0620221DD45A006EE1BF /* InitialVController.swift in Sources */ = {isa = PBXBuildFile; fileRef = 105E061F221DD45A006EE1BF /* InitialVController.swift */; };
		105E0623221DD79F006EE1BF /* Fetchitng.swift in Sources */ = {isa = PBXBuildFile; fileRef = 105E0622221DD79F006EE1BF /* Fetchitng.swift */; };
		106EF5182219BC01009EBC07 /* DataBaseLogic.swift in Sources */ = {isa = PBXBuildFile; fileRef = 106EF5172219BC01009EBC07 /* DataBaseLogic.swift */; };
		106EF51B2219BDDA009EBC07 /* DataBaseClass.swift in Sources */ = {isa = PBXBuildFile; fileRef = 106EF51A2219BDDA009EBC07 /* DataBaseClass.swift */; };
		10FE30C12210526100CA2AEF /* AppDelegate.swift in Sources */ = {isa = PBXBuildFile; fileRef = 10FE30C02210526100CA2AEF /* AppDelegate.swift */; };
		10FE30C62210526100CA2AEF /* Main.storyboard in Resources */ = {isa = PBXBuildFile; fileRef = 10FE30C42210526100CA2AEF /* Main.storyboard */; };
		10FE30C92210526100CA2AEF /* Music_Player.xcdatamodeld in Sources */ = {isa = PBXBuildFile; fileRef = 10FE30C72210526100CA2AEF /* Music_Player.xcdatamodeld */; };
		10FE30CB2210526300CA2AEF /* Assets.xcassets in Resources */ = {isa = PBXBuildFile; fileRef = 10FE30CA2210526300CA2AEF /* Assets.xcassets */; };
		10FE30CE2210526300CA2AEF /* LaunchScreen.storyboard in Resources */ = {isa = PBXBuildFile; fileRef = 10FE30CC2210526300CA2AEF /* LaunchScreen.storyboard */; };
		10FE30D6221053D600CA2AEF /* ChooserTVController.swift in Sources */ = {isa = PBXBuildFile; fileRef = 10FE30D5221053D600CA2AEF /* ChooserTVController.swift */; };
		10FE30DA2210544F00CA2AEF /* YTStreamController.swift in Sources */ = {isa = PBXBuildFile; fileRef = 10FE30D92210544F00CA2AEF /* YTStreamController.swift */; };
		10FE30DD22105C7A00CA2AEF /* Protocols.swift in Sources */ = {isa = PBXBuildFile; fileRef = 10FE30DC22105C7A00CA2AEF /* Protocols.swift */; };
		EC5A5851FCDCAD20FA0F4795 /* Pods_Music_Player.framework in Frameworks */ = {isa = PBXBuildFile; fileRef = 2221E71251A8F247291BAB1B /* Pods_Music_Player.framework */; };
/* End PBXBuildFile section */

/* Begin PBXFileReference section */
		1022BE5A2213501500C17895 /* NameAndURL.swift */ = {isa = PBXFileReference; lastKnownFileType = sourcecode.swift; path = NameAndURL.swift; sourceTree = "<group>"; };
		105E061F221DD45A006EE1BF /* InitialVController.swift */ = {isa = PBXFileReference; lastKnownFileType = sourcecode.swift; path = InitialVController.swift; sourceTree = "<group>"; };
		105E0622221DD79F006EE1BF /* Fetchitng.swift */ = {isa = PBXFileReference; lastKnownFileType = sourcecode.swift; path = Fetchitng.swift; sourceTree = "<group>"; };
		106EF5172219BC01009EBC07 /* DataBaseLogic.swift */ = {isa = PBXFileReference; lastKnownFileType = sourcecode.swift; path = DataBaseLogic.swift; sourceTree = "<group>"; };
		106EF51A2219BDDA009EBC07 /* DataBaseClass.swift */ = {isa = PBXFileReference; lastKnownFileType = sourcecode.swift; path = DataBaseClass.swift; sourceTree = "<group>"; };
		10FE30BD2210526100CA2AEF /* Music Player.app */ = {isa = PBXFileReference; explicitFileType = wrapper.application; includeInIndex = 0; path = "Music Player.app"; sourceTree = BUILT_PRODUCTS_DIR; };
		10FE30C02210526100CA2AEF /* AppDelegate.swift */ = {isa = PBXFileReference; lastKnownFileType = sourcecode.swift; path = AppDelegate.swift; sourceTree = "<group>"; };
		10FE30C52210526100CA2AEF /* Base */ = {isa = PBXFileReference; lastKnownFileType = file.storyboard; name = Base; path = Base.lproj/Main.storyboard; sourceTree = "<group>"; };
		10FE30C82210526100CA2AEF /* Music_Player.xcdatamodel */ = {isa = PBXFileReference; lastKnownFileType = wrapper.xcdatamodel; path = Music_Player.xcdatamodel; sourceTree = "<group>"; };
		10FE30CA2210526300CA2AEF /* Assets.xcassets */ = {isa = PBXFileReference; lastKnownFileType = folder.assetcatalog; path = Assets.xcassets; sourceTree = "<group>"; };
		10FE30CD2210526300CA2AEF /* Base */ = {isa = PBXFileReference; lastKnownFileType = file.storyboard; name = Base; path = Base.lproj/LaunchScreen.storyboard; sourceTree = "<group>"; };
		10FE30CF2210526300CA2AEF /* Info.plist */ = {isa = PBXFileReference; lastKnownFileType = text.plist.xml; path = Info.plist; sourceTree = "<group>"; };
		10FE30D5221053D600CA2AEF /* ChooserTVController.swift */ = {isa = PBXFileReference; lastKnownFileType = sourcecode.swift; path = ChooserTVController.swift; sourceTree = "<group>"; };
		10FE30D92210544F00CA2AEF /* YTStreamController.swift */ = {isa = PBXFileReference; lastKnownFileType = sourcecode.swift; path = YTStreamController.swift; sourceTree = "<group>"; };
		10FE30DC22105C7A00CA2AEF /* Protocols.swift */ = {isa = PBXFileReference; lastKnownFileType = sourcecode.swift; path = Protocols.swift; sourceTree = "<group>"; };
		2221E71251A8F247291BAB1B /* Pods_Music_Player.framework */ = {isa = PBXFileReference; explicitFileType = wrapper.framework; includeInIndex = 0; path = Pods_Music_Player.framework; sourceTree = BUILT_PRODUCTS_DIR; };
		2C39E3C721FF74A5CC95275C /* Pods-Music Player.release.xcconfig */ = {isa = PBXFileReference; includeInIndex = 1; lastKnownFileType = text.xcconfig; name = "Pods-Music Player.release.xcconfig"; path = "Pods/Target Support Files/Pods-Music Player/Pods-Music Player.release.xcconfig"; sourceTree = "<group>"; };
		5D3DF9A97B79CADC8BA0FDB1 /* Pods-Music Player.debug.xcconfig */ = {isa = PBXFileReference; includeInIndex = 1; lastKnownFileType = text.xcconfig; name = "Pods-Music Player.debug.xcconfig"; path = "Pods/Target Support Files/Pods-Music Player/Pods-Music Player.debug.xcconfig"; sourceTree = "<group>"; };
/* End PBXFileReference section */

/* Begin PBXFrameworksBuildPhase section */
		10FE30BA2210526100CA2AEF /* Frameworks */ = {
			isa = PBXFrameworksBuildPhase;
			buildActionMask = 2147483647;
			files = (
				EC5A5851FCDCAD20FA0F4795 /* Pods_Music_Player.framework in Frameworks */,
			);
			runOnlyForDeploymentPostprocessing = 0;
		};
/* End PBXFrameworksBuildPhase section */

/* Begin PBXGroup section */
		0371A75A3665E38110B56BC2 /* Pods */ = {
			isa = PBXGroup;
			children = (
				5D3DF9A97B79CADC8BA0FDB1 /* Pods-Music Player.debug.xcconfig */,
				2C39E3C721FF74A5CC95275C /* Pods-Music Player.release.xcconfig */,
			);
			name = Pods;
			sourceTree = "<group>";
		};
		1022BE5722134FB600C17895 /* Objects */ = {
			isa = PBXGroup;
			children = (
				1022BE5A2213501500C17895 /* NameAndURL.swift */,
			);
			path = Objects;
			sourceTree = "<group>";
		};
		105E0621221DD76B006EE1BF /* Fetching */ = {
			isa = PBXGroup;
			children = (
				105E0622221DD79F006EE1BF /* Fetchitng.swift */,
			);
			path = Fetching;
			sourceTree = "<group>";
		};
		106EF5192219BC26009EBC07 /* Database */ = {
			isa = PBXGroup;
			children = (
				106EF5172219BC01009EBC07 /* DataBaseLogic.swift */,
				106EF51A2219BDDA009EBC07 /* DataBaseClass.swift */,
			);
			path = Database;
			sourceTree = "<group>";
		};
		10FE30B42210526100CA2AEF = {
			isa = PBXGroup;
			children = (
				10FE30BF2210526100CA2AEF /* Music Player */,
				10FE30BE2210526100CA2AEF /* Products */,
				0371A75A3665E38110B56BC2 /* Pods */,
				96CD525DD8CD9796572DB8EC /* Frameworks */,
			);
			sourceTree = "<group>";
		};
		10FE30BE2210526100CA2AEF /* Products */ = {
			isa = PBXGroup;
			children = (
				10FE30BD2210526100CA2AEF /* Music Player.app */,
			);
			name = Products;
			sourceTree = "<group>";
		};
		10FE30BF2210526100CA2AEF /* Music Player */ = {
			isa = PBXGroup;
			children = (
				1022BE5722134FB600C17895 /* Objects */,
				10FE30DB2210545A00CA2AEF /* Streamming Controllers */,
				10FE30C02210526100CA2AEF /* AppDelegate.swift */,
				10FE30C42210526100CA2AEF /* Main.storyboard */,
				10FE30CA2210526300CA2AEF /* Assets.xcassets */,
				10FE30CC2210526300CA2AEF /* LaunchScreen.storyboard */,
				10FE30CF2210526300CA2AEF /* Info.plist */,
				10FE30C72210526100CA2AEF /* Music_Player.xcdatamodeld */,
				105E0621221DD76B006EE1BF /* Fetching */,
				10FE30DE22105C8300CA2AEF /* Protocols */,
				106EF5192219BC26009EBC07 /* Database */,
			);
			path = "Music Player";
			sourceTree = "<group>";
		};
		10FE30DB2210545A00CA2AEF /* Streamming Controllers */ = {
			isa = PBXGroup;
			children = (
				10FE30D5221053D600CA2AEF /* ChooserTVController.swift */,
				10FE30D92210544F00CA2AEF /* YTStreamController.swift */,
				105E061F221DD45A006EE1BF /* InitialVController.swift */,
			);
			path = "Streamming Controllers";
			sourceTree = "<group>";
		};
		10FE30DE22105C8300CA2AEF /* Protocols */ = {
			isa = PBXGroup;
			children = (
				10FE30DC22105C7A00CA2AEF /* Protocols.swift */,
			);
			path = Protocols;
			sourceTree = "<group>";
		};
		96CD525DD8CD9796572DB8EC /* Frameworks */ = {
			isa = PBXGroup;
			children = (
				2221E71251A8F247291BAB1B /* Pods_Music_Player.framework */,
			);
			name = Frameworks;
			sourceTree = "<group>";
		};
/* End PBXGroup section */

/* Begin PBXNativeTarget section */
		10FE30BC2210526100CA2AEF /* Music Player */ = {
			isa = PBXNativeTarget;
			buildConfigurationList = 10FE30D22210526300CA2AEF /* Build configuration list for PBXNativeTarget "Music Player" */;
			buildPhases = (
				79AAF562F84F8974ADE9BFDC /* [CP] Check Pods Manifest.lock */,
				10FE30B92210526100CA2AEF /* Sources */,
				10FE30BA2210526100CA2AEF /* Frameworks */,
				10FE30BB2210526100CA2AEF /* Resources */,
				E3BE03253FC8E4C52DC215B0 /* [CP] Embed Pods Frameworks */,
			);
			buildRules = (
			);
			dependencies = (
			);
			name = "Music Player";
			productName = "Music Player";
			productReference = 10FE30BD2210526100CA2AEF /* Music Player.app */;
			productType = "com.apple.product-type.application";
		};
/* End PBXNativeTarget section */

/* Begin PBXProject section */
		10FE30B52210526100CA2AEF /* Project object */ = {
			isa = PBXProject;
			attributes = {
				LastSwiftUpdateCheck = 1010;
				LastUpgradeCheck = 1010;
				ORGANIZATIONNAME = AppDoctor;
				TargetAttributes = {
					10FE30BC2210526100CA2AEF = {
						CreatedOnToolsVersion = 10.1;
					};
				};
			};
			buildConfigurationList = 10FE30B82210526100CA2AEF /* Build configuration list for PBXProject "Music Player" */;
			compatibilityVersion = "Xcode 9.3";
			developmentRegion = en;
			hasScannedForEncodings = 0;
			knownRegions = (
				en,
				Base,
			);
			mainGroup = 10FE30B42210526100CA2AEF;
			productRefGroup = 10FE30BE2210526100CA2AEF /* Products */;
			projectDirPath = "";
			projectRoot = "";
			targets = (
				10FE30BC2210526100CA2AEF /* Music Player */,
			);
		};
/* End PBXProject section */

/* Begin PBXResourcesBuildPhase section */
		10FE30BB2210526100CA2AEF /* Resources */ = {
			isa = PBXResourcesBuildPhase;
			buildActionMask = 2147483647;
			files = (
				10FE30CE2210526300CA2AEF /* LaunchScreen.storyboard in Resources */,
				10FE30CB2210526300CA2AEF /* Assets.xcassets in Resources */,
				10FE30C62210526100CA2AEF /* Main.storyboard in Resources */,
			);
			runOnlyForDeploymentPostprocessing = 0;
		};
/* End PBXResourcesBuildPhase section */

/* Begin PBXShellScriptBuildPhase section */
		79AAF562F84F8974ADE9BFDC /* [CP] Check Pods Manifest.lock */ = {
			isa = PBXShellScriptBuildPhase;
			buildActionMask = 2147483647;
			files = (
			);
			inputPaths = (
				"${PODS_PODFILE_DIR_PATH}/Podfile.lock",
				"${PODS_ROOT}/Manifest.lock",
			);
			name = "[CP] Check Pods Manifest.lock";
			outputPaths = (
				"$(DERIVED_FILE_DIR)/Pods-Music Player-checkManifestLockResult.txt",
			);
			runOnlyForDeploymentPostprocessing = 0;
			shellPath = /bin/sh;
			shellScript = "diff \"${PODS_PODFILE_DIR_PATH}/Podfile.lock\" \"${PODS_ROOT}/Manifest.lock\" > /dev/null\nif [ $? != 0 ] ; then\n    # print error to STDERR\n    echo \"error: The sandbox is not in sync with the Podfile.lock. Run 'pod install' or update your CocoaPods installation.\" >&2\n    exit 1\nfi\n# This output is used by Xcode 'outputs' to avoid re-running this script phase.\necho \"SUCCESS\" > \"${SCRIPT_OUTPUT_FILE_0}\"\n";
			showEnvVarsInLog = 0;
		};
		E3BE03253FC8E4C52DC215B0 /* [CP] Embed Pods Frameworks */ = {
			isa = PBXShellScriptBuildPhase;
			buildActionMask = 2147483647;
			files = (
			);
			inputPaths = (
				"${SRCROOT}/Pods/Target Support Files/Pods-Music Player/Pods-Music Player-frameworks.sh",
				"${BUILT_PRODUCTS_DIR}/SwiftSoup/SwiftSoup.framework",
				"${BUILT_PRODUCTS_DIR}/YouTubePlayer/YouTubePlayer.framework",
			);
			name = "[CP] Embed Pods Frameworks";
			outputPaths = (
				"${TARGET_BUILD_DIR}/${FRAMEWORKS_FOLDER_PATH}/SwiftSoup.framework",
				"${TARGET_BUILD_DIR}/${FRAMEWORKS_FOLDER_PATH}/YouTubePlayer.framework",
			);
			runOnlyForDeploymentPostprocessing = 0;
			shellPath = /bin/sh;
			shellScript = "\"${SRCROOT}/Pods/Target Support Files/Pods-Music Player/Pods-Music Player-frameworks.sh\"\n";
			showEnvVarsInLog = 0;
		};
/* End PBXShellScriptBuildPhase section */

/* Begin PBXSourcesBuildPhase section */
		10FE30B92210526100CA2AEF /* Sources */ = {
			isa = PBXSourcesBuildPhase;
			buildActionMask = 2147483647;
			files = (
				1022BE5B2213501500C17895 /* NameAndURL.swift in Sources */,
				106EF51B2219BDDA009EBC07 /* DataBaseClass.swift in Sources */,
				10FE30DD22105C7A00CA2AEF /* Protocols.swift in Sources */,
				10FE30DA2210544F00CA2AEF /* YTStreamController.swift in Sources */,
				106EF5182219BC01009EBC07 /* DataBaseLogic.swift in Sources */,
				105E0620221DD45A006EE1BF /* InitialVController.swift in Sources */,
				10FE30C92210526100CA2AEF /* Music_Player.xcdatamodeld in Sources */,
				10FE30D6221053D600CA2AEF /* ChooserTVController.swift in Sources */,
				105E0623221DD79F006EE1BF /* Fetchitng.swift in Sources */,
				10FE30C12210526100CA2AEF /* AppDelegate.swift in Sources */,
			);
			runOnlyForDeploymentPostprocessing = 0;
		};
/* End PBXSourcesBuildPhase section */

/* Begin PBXVariantGroup section */
		10FE30C42210526100CA2AEF /* Main.storyboard */ = {
			isa = PBXVariantGroup;
			children = (
				10FE30C52210526100CA2AEF /* Base */,
			);
			name = Main.storyboard;
			sourceTree = "<group>";
		};
		10FE30CC2210526300CA2AEF /* LaunchScreen.storyboard */ = {
			isa = PBXVariantGroup;
			children = (
				10FE30CD2210526300CA2AEF /* Base */,
			);
			name = LaunchScreen.storyboard;
			sourceTree = "<group>";
		};
/* End PBXVariantGroup section */

/* Begin XCBuildConfiguration section */
		10FE30D02210526300CA2AEF /* Debug */ = {
			isa = XCBuildConfiguration;
			buildSettings = {
				ALWAYS_SEARCH_USER_PATHS = NO;
				CLANG_ANALYZER_NONNULL = YES;
				CLANG_ANALYZER_NUMBER_OBJECT_CONVERSION = YES_AGGRESSIVE;
				CLANG_CXX_LANGUAGE_STANDARD = "gnu++14";
				CLANG_CXX_LIBRARY = "libc++";
				CLANG_ENABLE_MODULES = YES;
				CLANG_ENABLE_OBJC_ARC = YES;
				CLANG_ENABLE_OBJC_WEAK = YES;
				CLANG_WARN_BLOCK_CAPTURE_AUTORELEASING = YES;
				CLANG_WARN_BOOL_CONVERSION = YES;
				CLANG_WARN_COMMA = YES;
				CLANG_WARN_CONSTANT_CONVERSION = YES;
				CLANG_WARN_DEPRECATED_OBJC_IMPLEMENTATIONS = YES;
				CLANG_WARN_DIRECT_OBJC_ISA_USAGE = YES_ERROR;
				CLANG_WARN_DOCUMENTATION_COMMENTS = YES;
				CLANG_WARN_EMPTY_BODY = YES;
				CLANG_WARN_ENUM_CONVERSION = YES;
				CLANG_WARN_INFINITE_RECURSION = YES;
				CLANG_WARN_INT_CONVERSION = YES;
				CLANG_WARN_NON_LITERAL_NULL_CONVERSION = YES;
				CLANG_WARN_OBJC_IMPLICIT_RETAIN_SELF = YES;
				CLANG_WARN_OBJC_LITERAL_CONVERSION = YES;
				CLANG_WARN_OBJC_ROOT_CLASS = YES_ERROR;
				CLANG_WARN_RANGE_LOOP_ANALYSIS = YES;
				CLANG_WARN_STRICT_PROTOTYPES = YES;
				CLANG_WARN_SUSPICIOUS_MOVE = YES;
				CLANG_WARN_UNGUARDED_AVAILABILITY = YES_AGGRESSIVE;
				CLANG_WARN_UNREACHABLE_CODE = YES;
				CLANG_WARN__DUPLICATE_METHOD_MATCH = YES;
				CODE_SIGN_IDENTITY = "iPhone Developer";
				COPY_PHASE_STRIP = NO;
				DEBUG_INFORMATION_FORMAT = dwarf;
				ENABLE_STRICT_OBJC_MSGSEND = YES;
				ENABLE_TESTABILITY = YES;
				GCC_C_LANGUAGE_STANDARD = gnu11;
				GCC_DYNAMIC_NO_PIC = NO;
				GCC_NO_COMMON_BLOCKS = YES;
				GCC_OPTIMIZATION_LEVEL = 0;
				GCC_PREPROCESSOR_DEFINITIONS = (
					"DEBUG=1",
					"$(inherited)",
				);
				GCC_WARN_64_TO_32_BIT_CONVERSION = YES;
				GCC_WARN_ABOUT_RETURN_TYPE = YES_ERROR;
				GCC_WARN_UNDECLARED_SELECTOR = YES;
				GCC_WARN_UNINITIALIZED_AUTOS = YES_AGGRESSIVE;
				GCC_WARN_UNUSED_FUNCTION = YES;
				GCC_WARN_UNUSED_VARIABLE = YES;
				IPHONEOS_DEPLOYMENT_TARGET = 12.1;
				MTL_ENABLE_DEBUG_INFO = INCLUDE_SOURCE;
				MTL_FAST_MATH = YES;
				ONLY_ACTIVE_ARCH = YES;
				SDKROOT = iphoneos;
				SWIFT_ACTIVE_COMPILATION_CONDITIONS = DEBUG;
				SWIFT_OPTIMIZATION_LEVEL = "-Onone";
			};
			name = Debug;
		};
		10FE30D12210526300CA2AEF /* Release */ = {
			isa = XCBuildConfiguration;
			buildSettings = {
				ALWAYS_SEARCH_USER_PATHS = NO;
				CLANG_ANALYZER_NONNULL = YES;
				CLANG_ANALYZER_NUMBER_OBJECT_CONVERSION = YES_AGGRESSIVE;
				CLANG_CXX_LANGUAGE_STANDARD = "gnu++14";
				CLANG_CXX_LIBRARY = "libc++";
				CLANG_ENABLE_MODULES = YES;
				CLANG_ENABLE_OBJC_ARC = YES;
				CLANG_ENABLE_OBJC_WEAK = YES;
				CLANG_WARN_BLOCK_CAPTURE_AUTORELEASING = YES;
				CLANG_WARN_BOOL_CONVERSION = YES;
				CLANG_WARN_COMMA = YES;
				CLANG_WARN_CONSTANT_CONVERSION = YES;
				CLANG_WARN_DEPRECATED_OBJC_IMPLEMENTATIONS = YES;
				CLANG_WARN_DIRECT_OBJC_ISA_USAGE = YES_ERROR;
				CLANG_WARN_DOCUMENTATION_COMMENTS = YES;
				CLANG_WARN_EMPTY_BODY = YES;
				CLANG_WARN_ENUM_CONVERSION = YES;
				CLANG_WARN_INFINITE_RECURSION = YES;
				CLANG_WARN_INT_CONVERSION = YES;
				CLANG_WARN_NON_LITERAL_NULL_CONVERSION = YES;
				CLANG_WARN_OBJC_IMPLICIT_RETAIN_SELF = YES;
				CLANG_WARN_OBJC_LITERAL_CONVERSION = YES;
				CLANG_WARN_OBJC_ROOT_CLASS = YES_ERROR;
				CLANG_WARN_RANGE_LOOP_ANALYSIS = YES;
				CLANG_WARN_STRICT_PROTOTYPES = YES;
				CLANG_WARN_SUSPICIOUS_MOVE = YES;
				CLANG_WARN_UNGUARDED_AVAILABILITY = YES_AGGRESSIVE;
				CLANG_WARN_UNREACHABLE_CODE = YES;
				CLANG_WARN__DUPLICATE_METHOD_MATCH = YES;
				CODE_SIGN_IDENTITY = "iPhone Developer";
				COPY_PHASE_STRIP = NO;
				DEBUG_INFORMATION_FORMAT = "dwarf-with-dsym";
				ENABLE_NS_ASSERTIONS = NO;
				ENABLE_STRICT_OBJC_MSGSEND = YES;
				GCC_C_LANGUAGE_STANDARD = gnu11;
				GCC_NO_COMMON_BLOCKS = YES;
				GCC_WARN_64_TO_32_BIT_CONVERSION = YES;
				GCC_WARN_ABOUT_RETURN_TYPE = YES_ERROR;
				GCC_WARN_UNDECLARED_SELECTOR = YES;
				GCC_WARN_UNINITIALIZED_AUTOS = YES_AGGRESSIVE;
				GCC_WARN_UNUSED_FUNCTION = YES;
				GCC_WARN_UNUSED_VARIABLE = YES;
				IPHONEOS_DEPLOYMENT_TARGET = 12.1;
				MTL_ENABLE_DEBUG_INFO = NO;
				MTL_FAST_MATH = YES;
				SDKROOT = iphoneos;
				SWIFT_COMPILATION_MODE = wholemodule;
				SWIFT_OPTIMIZATION_LEVEL = "-O";
				VALIDATE_PRODUCT = YES;
			};
			name = Release;
		};
		10FE30D32210526300CA2AEF /* Debug */ = {
			isa = XCBuildConfiguration;
			baseConfigurationReference = 5D3DF9A97B79CADC8BA0FDB1 /* Pods-Music Player.debug.xcconfig */;
			buildSettings = {
				ASSETCATALOG_COMPILER_APPICON_NAME = AppIcon;
				CODE_SIGN_STYLE = Automatic;
				DEVELOPMENT_TEAM = 9LJZLQ4FN3;
				INFOPLIST_FILE = "Music Player/Info.plist";
				LD_RUNPATH_SEARCH_PATHS = (
					"$(inherited)",
					"@executable_path/Frameworks",
				);
				PRODUCT_BUNDLE_IDENTIFIER = "DDSDeveloper.Music-Player";
				PRODUCT_NAME = "$(TARGET_NAME)";
				SWIFT_VERSION = 4.2;
				TARGETED_DEVICE_FAMILY = "1,2";
			};
			name = Debug;
		};
		10FE30D42210526300CA2AEF /* Release */ = {
			isa = XCBuildConfiguration;
			baseConfigurationReference = 2C39E3C721FF74A5CC95275C /* Pods-Music Player.release.xcconfig */;
			buildSettings = {
				ASSETCATALOG_COMPILER_APPICON_NAME = AppIcon;
				CODE_SIGN_STYLE = Automatic;
				DEVELOPMENT_TEAM = 9LJZLQ4FN3;
				INFOPLIST_FILE = "Music Player/Info.plist";
				LD_RUNPATH_SEARCH_PATHS = (
					"$(inherited)",
					"@executable_path/Frameworks",
				);
				PRODUCT_BUNDLE_IDENTIFIER = "DDSDeveloper.Music-Player";
				PRODUCT_NAME = "$(TARGET_NAME)";
				SWIFT_VERSION = 4.2;
				TARGETED_DEVICE_FAMILY = "1,2";
			};
			name = Release;
		};
/* End XCBuildConfiguration section */

/* Begin XCConfigurationList section */
		10FE30B82210526100CA2AEF /* Build configuration list for PBXProject "Music Player" */ = {
			isa = XCConfigurationList;
			buildConfigurations = (
				10FE30D02210526300CA2AEF /* Debug */,
				10FE30D12210526300CA2AEF /* Release */,
			);
			defaultConfigurationIsVisible = 0;
			defaultConfigurationName = Release;
		};
		10FE30D22210526300CA2AEF /* Build configuration list for PBXNativeTarget "Music Player" */ = {
			isa = XCConfigurationList;
			buildConfigurations = (
				10FE30D32210526300CA2AEF /* Debug */,
				10FE30D42210526300CA2AEF /* Release */,
			);
			defaultConfigurationIsVisible = 0;
			defaultConfigurationName = Release;
		};
/* End XCConfigurationList section */

/* Begin XCVersionGroup section */
		10FE30C72210526100CA2AEF /* Music_Player.xcdatamodeld */ = {
			isa = XCVersionGroup;
			children = (
				10FE30C82210526100CA2AEF /* Music_Player.xcdatamodel */,
			);
			currentVersion = 10FE30C82210526100CA2AEF /* Music_Player.xcdatamodel */;
			path = Music_Player.xcdatamodeld;
			sourceTree = "<group>";
			versionGroupType = wrapper.xcdatamodel;
		};
/* End XCVersionGroup section */
	};
	rootObject = 10FE30B52210526100CA2AEF /* Project object */;
}
